
Microsoft Visual Studio Solution File, Format Version 12.00
# Visual Studio Version 16
VisualStudioVersion = 16.0.30907.101
MinimumVisualStudioVersion = 10.0.40219.1
Project("{FAE04EC0-301F-11D3-BF4B-00C04F79EFBC}") = "BinaryNumbers", "BinaryNumbers.csproj", "{32966AE4-D16B-4612-BEB9-6330FCC23E99}"
EndProject
Global
	GlobalSection(SolutionConfigurationPlatforms) = preSolution
		Debug|Any CPU = Debug|Any CPU
		Release|Any CPU = Release|Any CPU
	EndGlobalSection
	GlobalSection(ProjectConfigurationPlatforms) = postSolution
		{32966AE4-D16B-4612-BEB9-6330FCC23E99}.Debug|Any CPU.ActiveCfg = Debug|Any CPU
		{32966AE4-D16B-4612-BEB9-6330FCC23E99}.Debug|Any CPU.Build.0 = Debug|Any CPU
		{32966AE4-D16B-4612-BEB9-6330FCC23E99}.Release|Any CPU.ActiveCfg = Release|Any CPU
		{32966AE4-D16B-4612-BEB9-6330FCC23E99}.Release|Any CPU.Build.0 = Release|Any CPU
	EndGlobalSection
	GlobalSection(SolutionProperties) = preSolution
		HideSolutionNode = FALSE
	EndGlobalSection
	GlobalSection(ExtensibilityGlobals) = postSolution
		SolutionGuid = {6520DAC1-8E53-4720-ACE0-A3BAD3316DA3}
	EndGlobalSection
EndGlobal
